// !$*UTF8*$!
{
	archiveVersion = 1;
	classes = {
	};
	objectVersion = 48;
	objects = {

/* Begin PBXBuildFile section */
		D88111FD20B286BB0007E03E /* AppDelegate.swift in Sources */ = {isa = PBXBuildFile; fileRef = D88111FC20B286BB0007E03E /* AppDelegate.swift */; };
		D881120220B286BB0007E03E /* Main.storyboard in Resources */ = {isa = PBXBuildFile; fileRef = D881120020B286BB0007E03E /* Main.storyboard */; };
		D881120420B286BB0007E03E /* Assets.xcassets in Resources */ = {isa = PBXBuildFile; fileRef = D881120320B286BB0007E03E /* Assets.xcassets */; };
		D881120720B286BB0007E03E /* LaunchScreen.storyboard in Resources */ = {isa = PBXBuildFile; fileRef = D881120520B286BB0007E03E /* LaunchScreen.storyboard */; };
		D881121120B289470007E03E /* ViewController.swift in Sources */ = {isa = PBXBuildFile; fileRef = D881121020B289470007E03E /* ViewController.swift */; };
/* End PBXBuildFile section */

/* Begin PBXFileReference section */
		D88111F920B286BB0007E03E /* Stretchable Table View Header.app */ = {isa = PBXFileReference; explicitFileType = wrapper.application; includeInIndex = 0; path = "Stretchable Table View Header.app"; sourceTree = BUILT_PRODUCTS_DIR; };
		D88111FC20B286BB0007E03E /* AppDelegate.swift */ = {isa = PBXFileReference; lastKnownFileType = sourcecode.swift; path = AppDelegate.swift; sourceTree = "<group>"; };
		D881120120B286BB0007E03E /* Base */ = {isa = PBXFileReference; lastKnownFileType = file.storyboard; name = Base; path = Base.lproj/Main.storyboard; sourceTree = "<group>"; };
		D881120320B286BB0007E03E /* Assets.xcassets */ = {isa = PBXFileReference; lastKnownFileType = folder.assetcatalog; path = Assets.xcassets; sourceTree = "<group>"; };
		D881120620B286BB0007E03E /* Base */ = {isa = PBXFileReference; lastKnownFileType = file.storyboard; name = Base; path = Base.lproj/LaunchScreen.storyboard; sourceTree = "<group>"; };
		D881120820B286BB0007E03E /* Info.plist */ = {isa = PBXFileReference; lastKnownFileType = text.plist.xml; path = Info.plist; sourceTree = "<group>"; };
		D881121020B289470007E03E /* ViewController.swift */ = {isa = PBXFileReference; lastKnownFileType = sourcecode.swift; path = ViewController.swift; sourceTree = "<group>"; };
/* End PBXFileReference section */

/* Begin PBXFrameworksBuildPhase section */
		D88111F620B286BB0007E03E /* Frameworks */ = {
			isa = PBXFrameworksBuildPhase;
			buildActionMask = 2147483647;
			files = (
			);
			runOnlyForDeploymentPostprocessing = 0;
		};
/* End PBXFrameworksBuildPhase section */

/* Begin PBXGroup section */
		D88111F020B286BB0007E03E = {
			isa = PBXGroup;
			children = (
				D88111FB20B286BB0007E03E /* Stretchable Table View Header */,
				D88111FA20B286BB0007E03E /* Products */,
			);
			sourceTree = "<group>";
		};
		D88111FA20B286BB0007E03E /* Products */ = {
			isa = PBXGroup;
			children = (
				D88111F920B286BB0007E03E /* Stretchable Table View Header.app */,
			);
			name = Products;
			sourceTree = "<group>";
		};
		D88111FB20B286BB0007E03E /* Stretchable Table View Header */ = {
			isa = PBXGroup;
			children = (
				D88111FC20B286BB0007E03E /* AppDelegate.swift */,
				D881121020B289470007E03E /* ViewController.swift */,
				D881120020B286BB0007E03E /* Main.storyboard */,
				D881120320B286BB0007E03E /* Assets.xcassets */,
				D881120520B286BB0007E03E /* LaunchScreen.storyboard */,
				D881120820B286BB0007E03E /* Info.plist */,
			);
			path = "Stretchable Table View Header";
			sourceTree = "<group>";
		};
/* End PBXGroup section */

/* Begin PBXNativeTarget section */
		D88111F820B286BB0007E03E /* Stretchable Table View Header */ = {
			isa = PBXNativeTarget;
			buildConfigurationList = D881120B20B286BB0007E03E /* Build configuration list for PBXNativeTarget "Stretchable Table View Header" */;
			buildPhases = (
				D88111F520B286BB0007E03E /* Sources */,
				D88111F620B286BB0007E03E /* Frameworks */,
				D88111F720B286BB0007E03E /* Resources */,
			);
			buildRules = (
			);
			dependencies = (
			);
			name = "Stretchable Table View Header";
			productName = "Stretchable Table View Header";
			productReference = D88111F920B286BB0007E03E /* Stretchable Table View Header.app */;
			productType = "com.apple.product-type.application";
		};
/* End PBXNativeTarget section */

/* Begin PBXProject section */
		D88111F120B286BB0007E03E /* Project object */ = {
			isa = PBXProject;
			attributes = {
				LastSwiftUpdateCheck = 0920;
				LastUpgradeCheck = 0920;
				ORGANIZATIONNAME = "Le Vu Hoai An";
				TargetAttributes = {
					D88111F820B286BB0007E03E = {
						CreatedOnToolsVersion = 9.2;
						ProvisioningStyle = Automatic;
					};
				};
			};
			buildConfigurationList = D88111F420B286BB0007E03E /* Build configuration list for PBXProject "Stretchable Table View Header" */;
			compatibilityVersion = "Xcode 8.0";
			developmentRegion = en;
			hasScannedForEncodings = 0;
			knownRegions = (
				en,
				Base,
			);
			mainGroup = D88111F020B286BB0007E03E;
			productRefGroup = D88111FA20B286BB0007E03E /* Products */;
			projectDirPath = "";
			projectRoot = "";
			targets = (
				D88111F820B286BB0007E03E /* Stretchable Table View Header */,
			);
		};
/* End PBXProject section */

/* Begin PBXResourcesBuildPhase section */
		D88111F720B286BB0007E03E /* Resources */ = {
			isa = PBXResourcesBuildPhase;
			buildActionMask = 2147483647;
			files = (
				D881120720B286BB0007E03E /* LaunchScreen.storyboard in Resources */,
				D881120420B286BB0007E03E /* Assets.xcassets in Resources */,
				D881120220B286BB0007E03E /* Main.storyboard in Resources */,
			);
			runOnlyForDeploymentPostprocessing = 0;
		};
/* End PBXResourcesBuildPhase section */

/* Begin PBXSourcesBuildPhase section */
		D88111F520B286BB0007E03E /* Sources */ = {
			isa = PBXSourcesBuildPhase;
			buildActionMask = 2147483647;
			files = (
				D881121120B289470007E03E /* ViewController.swift in Sources */,
				D88111FD20B286BB0007E03E /* AppDelegate.swift in Sources */,
			);
			runOnlyForDeploymentPostprocessing = 0;
		};
/* End PBXSourcesBuildPhase section */

/* Begin PBXVariantGroup section */
		D881120020B286BB0007E03E /* Main.storyboard */ = {
			isa = PBXVariantGroup;
			children = (
				D881120120B286BB0007E03E /* Base */,
			);
			name = Main.storyboard;
			sourceTree = "<group>";
		};
		D881120520B286BB0007E03E /* LaunchScreen.storyboard */ = {
			isa = PBXVariantGroup;
			children = (
				D881120620B286BB0007E03E /* Base */,
			);
			name = LaunchScreen.storyboard;
			sourceTree = "<group>";
		};
/* End PBXVariantGroup section */

/* Begin XCBuildConfiguration section */
		D881120920B286BB0007E03E /* Debug */ = {
			isa = XCBuildConfiguration;
			buildSettings = {
				ALWAYS_SEARCH_USER_PATHS = NO;
				CLANG_ANALYZER_NONNULL = YES;
				CLANG_ANALYZER_NUMBER_OBJECT_CONVERSION = YES_AGGRESSIVE;
				CLANG_CXX_LANGUAGE_STANDARD = "gnu++14";
				CLANG_CXX_LIBRARY = "libc++";
				CLANG_ENABLE_MODULES = YES;
				CLANG_ENABLE_OBJC_ARC = YES;
				CLANG_WARN_BLOCK_CAPTURE_AUTORELEASING = YES;
				CLANG_WARN_BOOL_CONVERSION = YES;
				CLANG_WARN_COMMA = YES;
				CLANG_WARN_CONSTANT_CONVERSION = YES;
				CLANG_WARN_DIRECT_OBJC_ISA_USAGE = YES_ERROR;
				CLANG_WARN_DOCUMENTATION_COMMENTS = YES;
				CLANG_WARN_EMPTY_BODY = YES;
				CLANG_WARN_ENUM_CONVERSION = YES;
				CLANG_WARN_INFINITE_RECURSION = YES;
				CLANG_WARN_INT_CONVERSION = YES;
				CLANG_WARN_NON_LITERAL_NULL_CONVERSION = YES;
				CLANG_WARN_OBJC_LITERAL_CONVERSION = YES;
				CLANG_WARN_OBJC_ROOT_CLASS = YES_ERROR;
				CLANG_WARN_RANGE_LOOP_ANALYSIS = YES;
				CLANG_WARN_STRICT_PROTOTYPES = YES;
				CLANG_WARN_SUSPICIOUS_MOVE = YES;
				CLANG_WARN_UNGUARDED_AVAILABILITY = YES_AGGRESSIVE;
				CLANG_WARN_UNREACHABLE_CODE = YES;
				CLANG_WARN__DUPLICATE_METHOD_MATCH = YES;
				CODE_SIGN_IDENTITY = "iPhone Developer";
				COPY_PHASE_STRIP = NO;
				DEBUG_INFORMATION_FORMAT = dwarf;
				ENABLE_STRICT_OBJC_MSGSEND = YES;
				ENABLE_TESTABILITY = YES;
				GCC_C_LANGUAGE_STANDARD = gnu11;
				GCC_DYNAMIC_NO_PIC = NO;
				GCC_NO_COMMON_BLOCKS = YES;
				GCC_OPTIMIZATION_LEVEL = 0;
				GCC_PREPROCESSOR_DEFINITIONS = (
					"DEBUG=1",
					"$(inherited)",
				);
				GCC_WARN_64_TO_32_BIT_CONVERSION = YES;
				GCC_WARN_ABOUT_RETURN_TYPE = YES_ERROR;
				GCC_WARN_UNDECLARED_SELECTOR = YES;
				GCC_WARN_UNINITIALIZED_AUTOS = YES_AGGRESSIVE;
				GCC_WARN_UNUSED_FUNCTION = YES;
				GCC_WARN_UNUSED_VARIABLE = YES;
				IPHONEOS_DEPLOYMENT_TARGET = 11.2;
				MTL_ENABLE_DEBUG_INFO = YES;
				ONLY_ACTIVE_ARCH = YES;
				SDKROOT = iphoneos;
				SWIFT_ACTIVE_COMPILATION_CONDITIONS = DEBUG;
				SWIFT_OPTIMIZATION_LEVEL = "-Onone";
			};
			name = Debug;
		};
		D881120A20B286BB0007E03E /* Release */ = {
			isa = XCBuildConfiguration;
			buildSettings = {
				ALWAYS_SEARCH_USER_PATHS = NO;
				CLANG_ANALYZER_NONNULL = YES;
				CLANG_ANALYZER_NUMBER_OBJECT_CONVERSION = YES_AGGRESSIVE;
				CLANG_CXX_LANGUAGE_STANDARD = "gnu++14";
				CLANG_CXX_LIBRARY = "libc++";
				CLANG_ENABLE_MODULES = YES;
				CLANG_ENABLE_OBJC_ARC = YES;
				CLANG_WARN_BLOCK_CAPTURE_AUTORELEASING = YES;
				CLANG_WARN_BOOL_CONVERSION = YES;
				CLANG_WARN_COMMA = YES;
				CLANG_WARN_CONSTANT_CONVERSION = YES;
				CLANG_WARN_DIRECT_OBJC_ISA_USAGE = YES_ERROR;
				CLANG_WARN_DOCUMENTATION_COMMENTS = YES;
				CLANG_WARN_EMPTY_BODY = YES;
				CLANG_WARN_ENUM_CONVERSION = YES;
				CLANG_WARN_INFINITE_RECURSION = YES;
				CLANG_WARN_INT_CONVERSION = YES;
				CLANG_WARN_NON_LITERAL_NULL_CONVERSION = YES;
				CLANG_WARN_OBJC_LITERAL_CONVERSION = YES;
				CLANG_WARN_OBJC_ROOT_CLASS = YES_ERROR;
				CLANG_WARN_RANGE_LOOP_ANALYSIS = YES;
				CLANG_WARN_STRICT_PROTOTYPES = YES;
				CLANG_WARN_SUSPICIOUS_MOVE = YES;
				CLANG_WARN_UNGUARDED_AVAILABILITY = YES_AGGRESSIVE;
				CLANG_WARN_UNREACHABLE_CODE = YES;
				CLANG_WARN__DUPLICATE_METHOD_MATCH = YES;
				CODE_SIGN_IDENTITY = "iPhone Developer";
				COPY_PHASE_STRIP = NO;
				DEBUG_INFORMATION_FORMAT = "dwarf-with-dsym";
				ENABLE_NS_ASSERTIONS = NO;
				ENABLE_STRICT_OBJC_MSGSEND = YES;
				GCC_C_LANGUAGE_STANDARD = gnu11;
				GCC_NO_COMMON_BLOCKS = YES;
				GCC_WARN_64_TO_32_BIT_CONVERSION = YES;
				GCC_WARN_ABOUT_RETURN_TYPE = YES_ERROR;
				GCC_WARN_UNDECLARED_SELECTOR = YES;
				GCC_WARN_UNINITIALIZED_AUTOS = YES_AGGRESSIVE;
				GCC_WARN_UNUSED_FUNCTION = YES;
				GCC_WARN_UNUSED_VARIABLE = YES;
				IPHONEOS_DEPLOYMENT_TARGET = 11.2;
				MTL_ENABLE_DEBUG_INFO = NO;
				SDKROOT = iphoneos;
				SWIFT_OPTIMIZATION_LEVEL = "-Owholemodule";
				VALIDATE_PRODUCT = YES;
			};
			name = Release;
		};
		D881120C20B286BB0007E03E /* Debug */ = {
			isa = XCBuildConfiguration;
			buildSettings = {
				ASSETCATALOG_COMPILER_APPICON_NAME = AppIcon;
				CODE_SIGN_STYLE = Automatic;
				DEVELOPMENT_TEAM = 2QHF7H3E43;
				INFOPLIST_FILE = "Stretchable Table View Header/Info.plist";
				LD_RUNPATH_SEARCH_PATHS = "$(inherited) @executable_path/Frameworks";
				PRODUCT_BUNDLE_IDENTIFIER = "com.lvhan.Stretchable-Table-View-Header";
				PRODUCT_NAME = "$(TARGET_NAME)";
				SWIFT_VERSION = 4.0;
				TARGETED_DEVICE_FAMILY = "1,2";
			};
			name = Debug;
		};
		D881120D20B286BB0007E03E /* Release */ = {
			isa = XCBuildConfiguration;
			buildSettings = {
				ASSETCATALOG_COMPILER_APPICON_NAME = AppIcon;
				CODE_SIGN_STYLE = Automatic;
				DEVELOPMENT_TEAM = 2QHF7H3E43;
				INFOPLIST_FILE = "Stretchable Table View Header/Info.plist";
				LD_RUNPATH_SEARCH_PATHS = "$(inherited) @executable_path/Frameworks";
				PRODUCT_BUNDLE_IDENTIFIER = "com.lvhan.Stretchable-Table-View-Header";
				PRODUCT_NAME = "$(TARGET_NAME)";
				SWIFT_VERSION = 4.0;
				TARGETED_DEVICE_FAMILY = "1,2";
			};
			name = Release;
		};
/* End XCBuildConfiguration section */

/* Begin XCConfigurationList section */
		D88111F420B286BB0007E03E /* Build configuration list for PBXProject "Stretchable Table View Header" */ = {
			isa = XCConfigurationList;
			buildConfigurations = (
				D881120920B286BB0007E03E /* Debug */,
				D881120A20B286BB0007E03E /* Release */,
			);
			defaultConfigurationIsVisible = 0;
			defaultConfigurationName = Release;
		};
		D881120B20B286BB0007E03E /* Build configuration list for PBXNativeTarget "Stretchable Table View Header" */ = {
			isa = XCConfigurationList;
			buildConfigurations = (
				D881120C20B286BB0007E03E /* Debug */,
				D881120D20B286BB0007E03E /* Release */,
			);
			defaultConfigurationIsVisible = 0;
			defaultConfigurationName = Release;
		};
/* End XCConfigurationList section */
	};
	rootObject = D88111F120B286BB0007E03E /* Project object */;
}
